// !$*UTF8*$!
{
	archiveVersion = 1;
	classes = {
	};
	objectVersion = 46;
	objects = {

/* Begin PBXBuildFile section */
		625FD68019CDE3E700A1C7E1 /* AppDelegate.swift in Sources */ = {isa = PBXBuildFile; fileRef = 625FD67F19CDE3E700A1C7E1 /* AppDelegate.swift */; };
		625FD68219CDE3E700A1C7E1 /* FirstViewController.swift in Sources */ = {isa = PBXBuildFile; fileRef = 625FD68119CDE3E700A1C7E1 /* FirstViewController.swift */; };
		625FD68419CDE3E700A1C7E1 /* SettingsViewController.swift in Sources */ = {isa = PBXBuildFile; fileRef = 625FD68319CDE3E700A1C7E1 /* SettingsViewController.swift */; };
		625FD68719CDE3E700A1C7E1 /* Main.storyboard in Resources */ = {isa = PBXBuildFile; fileRef = 625FD68519CDE3E700A1C7E1 /* Main.storyboard */; };
		625FD68919CDE3E700A1C7E1 /* Images.xcassets in Resources */ = {isa = PBXBuildFile; fileRef = 625FD68819CDE3E700A1C7E1 /* Images.xcassets */; };
		625FD68C19CDE3E700A1C7E1 /* LaunchScreen.xib in Resources */ = {isa = PBXBuildFile; fileRef = 625FD68A19CDE3E700A1C7E1 /* LaunchScreen.xib */; };
		625FD69819CDE3E800A1C7E1 /* YabumiTests.swift in Sources */ = {isa = PBXBuildFile; fileRef = 625FD69719CDE3E800A1C7E1 /* YabumiTests.swift */; };
		625FD6BF19CDF7F700A1C7E1 /* ShareViewController.swift in Sources */ = {isa = PBXBuildFile; fileRef = 625FD6BE19CDF7F700A1C7E1 /* ShareViewController.swift */; };
		625FD6C119CDF7F700A1C7E1 /* MainInterface.storyboard in Resources */ = {isa = PBXBuildFile; fileRef = 625FD6C019CDF7F700A1C7E1 /* MainInterface.storyboard */; };
		625FD6C419CDF7F700A1C7E1 /* Share.appex in Embed App Extensions */ = {isa = PBXBuildFile; fileRef = 625FD6BA19CDF7F700A1C7E1 /* Share.appex */; settings = {ATTRIBUTES = (RemoveHeadersOnCopy, ); }; };
/* End PBXBuildFile section */

/* Begin PBXContainerItemProxy section */
		625FD69219CDE3E800A1C7E1 /* PBXContainerItemProxy */ = {
			isa = PBXContainerItemProxy;
			containerPortal = 625FD67219CDE3E700A1C7E1 /* Project object */;
			proxyType = 1;
			remoteGlobalIDString = 625FD67919CDE3E700A1C7E1;
			remoteInfo = Yabumi;
		};
		625FD6C219CDF7F700A1C7E1 /* PBXContainerItemProxy */ = {
			isa = PBXContainerItemProxy;
			containerPortal = 625FD67219CDE3E700A1C7E1 /* Project object */;
			proxyType = 1;
			remoteGlobalIDString = 625FD6B919CDF7F700A1C7E1;
			remoteInfo = Share;
		};
		625FD6C519CDF7F700A1C7E1 /* PBXContainerItemProxy */ = {
			isa = PBXContainerItemProxy;
			containerPortal = 625FD67219CDE3E700A1C7E1 /* Project object */;
			proxyType = 1;
			remoteGlobalIDString = 625FD6B919CDF7F700A1C7E1;
			remoteInfo = Share;
		};
/* End PBXContainerItemProxy section */

/* Begin PBXCopyFilesBuildPhase section */
		625FD6B519CDF60F00A1C7E1 /* Embed App Extensions */ = {
			isa = PBXCopyFilesBuildPhase;
			buildActionMask = 2147483647;
			dstPath = "";
			dstSubfolderSpec = 13;
			files = (
				625FD6C419CDF7F700A1C7E1 /* Share.appex in Embed App Extensions */,
			);
			name = "Embed App Extensions";
			runOnlyForDeploymentPostprocessing = 0;
		};
/* End PBXCopyFilesBuildPhase section */

/* Begin PBXFileReference section */
		625FD67A19CDE3E700A1C7E1 /* Yabumi.app */ = {isa = PBXFileReference; explicitFileType = wrapper.application; includeInIndex = 0; path = Yabumi.app; sourceTree = BUILT_PRODUCTS_DIR; };
		625FD67E19CDE3E700A1C7E1 /* Info.plist */ = {isa = PBXFileReference; lastKnownFileType = text.plist.xml; path = Info.plist; sourceTree = "<group>"; };
		625FD67F19CDE3E700A1C7E1 /* AppDelegate.swift */ = {isa = PBXFileReference; lastKnownFileType = sourcecode.swift; path = AppDelegate.swift; sourceTree = "<group>"; };
		625FD68119CDE3E700A1C7E1 /* FirstViewController.swift */ = {isa = PBXFileReference; lastKnownFileType = sourcecode.swift; path = FirstViewController.swift; sourceTree = "<group>"; };
		625FD68319CDE3E700A1C7E1 /* SettingsViewController.swift */ = {isa = PBXFileReference; lastKnownFileType = sourcecode.swift; path = SettingsViewController.swift; sourceTree = "<group>"; };
		625FD68619CDE3E700A1C7E1 /* Base */ = {isa = PBXFileReference; lastKnownFileType = file.storyboard; name = Base; path = Base.lproj/Main.storyboard; sourceTree = "<group>"; };
		625FD68819CDE3E700A1C7E1 /* Images.xcassets */ = {isa = PBXFileReference; lastKnownFileType = folder.assetcatalog; path = Images.xcassets; sourceTree = "<group>"; };
		625FD68B19CDE3E700A1C7E1 /* Base */ = {isa = PBXFileReference; lastKnownFileType = file.xib; name = Base; path = Base.lproj/LaunchScreen.xib; sourceTree = "<group>"; };
		625FD69119CDE3E800A1C7E1 /* YabumiTests.xctest */ = {isa = PBXFileReference; explicitFileType = wrapper.cfbundle; includeInIndex = 0; path = YabumiTests.xctest; sourceTree = BUILT_PRODUCTS_DIR; };
		625FD69619CDE3E800A1C7E1 /* Info.plist */ = {isa = PBXFileReference; lastKnownFileType = text.plist.xml; path = Info.plist; sourceTree = "<group>"; };
		625FD69719CDE3E800A1C7E1 /* YabumiTests.swift */ = {isa = PBXFileReference; lastKnownFileType = sourcecode.swift; path = YabumiTests.swift; sourceTree = "<group>"; };
		625FD6BA19CDF7F700A1C7E1 /* Share.appex */ = {isa = PBXFileReference; explicitFileType = "wrapper.app-extension"; includeInIndex = 0; path = Share.appex; sourceTree = BUILT_PRODUCTS_DIR; };
		625FD6BD19CDF7F700A1C7E1 /* Info.plist */ = {isa = PBXFileReference; lastKnownFileType = text.plist.xml; path = Info.plist; sourceTree = "<group>"; };
		625FD6BE19CDF7F700A1C7E1 /* ShareViewController.swift */ = {isa = PBXFileReference; lastKnownFileType = sourcecode.swift; path = ShareViewController.swift; sourceTree = "<group>"; };
		625FD6C019CDF7F700A1C7E1 /* MainInterface.storyboard */ = {isa = PBXFileReference; lastKnownFileType = file.storyboard; path = MainInterface.storyboard; sourceTree = "<group>"; };
/* End PBXFileReference section */

/* Begin PBXFrameworksBuildPhase section */
		625FD67719CDE3E700A1C7E1 /* Frameworks */ = {
			isa = PBXFrameworksBuildPhase;
			buildActionMask = 2147483647;
			files = (
			);
			runOnlyForDeploymentPostprocessing = 0;
		};
		625FD68E19CDE3E800A1C7E1 /* Frameworks */ = {
			isa = PBXFrameworksBuildPhase;
			buildActionMask = 2147483647;
			files = (
			);
			runOnlyForDeploymentPostprocessing = 0;
		};
		625FD6B719CDF7F700A1C7E1 /* Frameworks */ = {
			isa = PBXFrameworksBuildPhase;
			buildActionMask = 2147483647;
			files = (
			);
			runOnlyForDeploymentPostprocessing = 0;
		};
/* End PBXFrameworksBuildPhase section */

/* Begin PBXGroup section */
		625FD67119CDE3E700A1C7E1 = {
			isa = PBXGroup;
			children = (
				625FD67C19CDE3E700A1C7E1 /* Yabumi */,
				625FD69419CDE3E800A1C7E1 /* YabumiTests */,
				625FD6BB19CDF7F700A1C7E1 /* Share */,
				625FD67B19CDE3E700A1C7E1 /* Products */,
			);
			sourceTree = "<group>";
		};
		625FD67B19CDE3E700A1C7E1 /* Products */ = {
			isa = PBXGroup;
			children = (
				625FD67A19CDE3E700A1C7E1 /* Yabumi.app */,
				625FD69119CDE3E800A1C7E1 /* YabumiTests.xctest */,
				625FD6BA19CDF7F700A1C7E1 /* Share.appex */,
			);
			name = Products;
			sourceTree = "<group>";
		};
		625FD67C19CDE3E700A1C7E1 /* Yabumi */ = {
			isa = PBXGroup;
			children = (
				625FD67F19CDE3E700A1C7E1 /* AppDelegate.swift */,
				625FD68119CDE3E700A1C7E1 /* FirstViewController.swift */,
				625FD68319CDE3E700A1C7E1 /* SettingsViewController.swift */,
				625FD68519CDE3E700A1C7E1 /* Main.storyboard */,
				625FD68819CDE3E700A1C7E1 /* Images.xcassets */,
				625FD68A19CDE3E700A1C7E1 /* LaunchScreen.xib */,
				625FD67D19CDE3E700A1C7E1 /* Supporting Files */,
			);
			path = Yabumi;
			sourceTree = "<group>";
		};
		625FD67D19CDE3E700A1C7E1 /* Supporting Files */ = {
			isa = PBXGroup;
			children = (
				625FD67E19CDE3E700A1C7E1 /* Info.plist */,
			);
			name = "Supporting Files";
			sourceTree = "<group>";
		};
		625FD69419CDE3E800A1C7E1 /* YabumiTests */ = {
			isa = PBXGroup;
			children = (
				625FD69719CDE3E800A1C7E1 /* YabumiTests.swift */,
				625FD69519CDE3E800A1C7E1 /* Supporting Files */,
			);
			path = YabumiTests;
			sourceTree = "<group>";
		};
		625FD69519CDE3E800A1C7E1 /* Supporting Files */ = {
			isa = PBXGroup;
			children = (
				625FD69619CDE3E800A1C7E1 /* Info.plist */,
			);
			name = "Supporting Files";
			sourceTree = "<group>";
		};
		625FD6BB19CDF7F700A1C7E1 /* Share */ = {
			isa = PBXGroup;
			children = (
				625FD6BE19CDF7F700A1C7E1 /* ShareViewController.swift */,
				625FD6C019CDF7F700A1C7E1 /* MainInterface.storyboard */,
				625FD6BC19CDF7F700A1C7E1 /* Supporting Files */,
			);
			path = Share;
			sourceTree = "<group>";
		};
		625FD6BC19CDF7F700A1C7E1 /* Supporting Files */ = {
			isa = PBXGroup;
			children = (
				625FD6BD19CDF7F700A1C7E1 /* Info.plist */,
			);
			name = "Supporting Files";
			sourceTree = "<group>";
		};
/* End PBXGroup section */

/* Begin PBXNativeTarget section */
		625FD67919CDE3E700A1C7E1 /* Yabumi */ = {
			isa = PBXNativeTarget;
			buildConfigurationList = 625FD69B19CDE3E800A1C7E1 /* Build configuration list for PBXNativeTarget "Yabumi" */;
			buildPhases = (
				625FD67619CDE3E700A1C7E1 /* Sources */,
				625FD67719CDE3E700A1C7E1 /* Frameworks */,
				625FD67819CDE3E700A1C7E1 /* Resources */,
				625FD6B519CDF60F00A1C7E1 /* Embed App Extensions */,
			);
			buildRules = (
			);
			dependencies = (
				625FD6C319CDF7F700A1C7E1 /* PBXTargetDependency */,
				625FD6C619CDF7F700A1C7E1 /* PBXTargetDependency */,
			);
			name = Yabumi;
			productName = Yabumi;
			productReference = 625FD67A19CDE3E700A1C7E1 /* Yabumi.app */;
			productType = "com.apple.product-type.application";
		};
		625FD69019CDE3E800A1C7E1 /* YabumiTests */ = {
			isa = PBXNativeTarget;
			buildConfigurationList = 625FD69E19CDE3E800A1C7E1 /* Build configuration list for PBXNativeTarget "YabumiTests" */;
			buildPhases = (
				625FD68D19CDE3E800A1C7E1 /* Sources */,
				625FD68E19CDE3E800A1C7E1 /* Frameworks */,
				625FD68F19CDE3E800A1C7E1 /* Resources */,
			);
			buildRules = (
			);
			dependencies = (
				625FD69319CDE3E800A1C7E1 /* PBXTargetDependency */,
			);
			name = YabumiTests;
			productName = YabumiTests;
			productReference = 625FD69119CDE3E800A1C7E1 /* YabumiTests.xctest */;
			productType = "com.apple.product-type.bundle.unit-test";
		};
		625FD6B919CDF7F700A1C7E1 /* Share */ = {
			isa = PBXNativeTarget;
			buildConfigurationList = 625FD6C719CDF7F700A1C7E1 /* Build configuration list for PBXNativeTarget "Share" */;
			buildPhases = (
				625FD6B619CDF7F700A1C7E1 /* Sources */,
				625FD6B719CDF7F700A1C7E1 /* Frameworks */,
				625FD6B819CDF7F700A1C7E1 /* Resources */,
			);
			buildRules = (
			);
			dependencies = (
			);
			name = Share;
			productName = Share;
			productReference = 625FD6BA19CDF7F700A1C7E1 /* Share.appex */;
			productType = "com.apple.product-type.app-extension";
		};
/* End PBXNativeTarget section */

/* Begin PBXProject section */
		625FD67219CDE3E700A1C7E1 /* Project object */ = {
			isa = PBXProject;
			attributes = {
				LastUpgradeCheck = 0600;
				ORGANIZATIONNAME = "Webnium Inc.";
				TargetAttributes = {
					625FD67919CDE3E700A1C7E1 = {
						CreatedOnToolsVersion = 6.0.1;
						DevelopmentTeam = 443AS95U8X;
					};
					625FD69019CDE3E800A1C7E1 = {
						CreatedOnToolsVersion = 6.0.1;
						TestTargetID = 625FD67919CDE3E700A1C7E1;
					};
					625FD6B919CDF7F700A1C7E1 = {
						CreatedOnToolsVersion = 6.0.1;
						DevelopmentTeam = 443AS95U8X;
					};
				};
			};
			buildConfigurationList = 625FD67519CDE3E700A1C7E1 /* Build configuration list for PBXProject "Yabumi" */;
			compatibilityVersion = "Xcode 3.2";
			developmentRegion = English;
			hasScannedForEncodings = 0;
			knownRegions = (
				en,
				Base,
			);
			mainGroup = 625FD67119CDE3E700A1C7E1;
			productRefGroup = 625FD67B19CDE3E700A1C7E1 /* Products */;
			projectDirPath = "";
			projectRoot = "";
			targets = (
				625FD67919CDE3E700A1C7E1 /* Yabumi */,
				625FD69019CDE3E800A1C7E1 /* YabumiTests */,
				625FD6B919CDF7F700A1C7E1 /* Share */,
			);
		};
/* End PBXProject section */

/* Begin PBXResourcesBuildPhase section */
		625FD67819CDE3E700A1C7E1 /* Resources */ = {
			isa = PBXResourcesBuildPhase;
			buildActionMask = 2147483647;
			files = (
				625FD68719CDE3E700A1C7E1 /* Main.storyboard in Resources */,
				625FD68C19CDE3E700A1C7E1 /* LaunchScreen.xib in Resources */,
				625FD68919CDE3E700A1C7E1 /* Images.xcassets in Resources */,
			);
			runOnlyForDeploymentPostprocessing = 0;
		};
		625FD68F19CDE3E800A1C7E1 /* Resources */ = {
			isa = PBXResourcesBuildPhase;
			buildActionMask = 2147483647;
			files = (
			);
			runOnlyForDeploymentPostprocessing = 0;
		};
		625FD6B819CDF7F700A1C7E1 /* Resources */ = {
			isa = PBXResourcesBuildPhase;
			buildActionMask = 2147483647;
			files = (
				625FD6C119CDF7F700A1C7E1 /* MainInterface.storyboard in Resources */,
			);
			runOnlyForDeploymentPostprocessing = 0;
		};
/* End PBXResourcesBuildPhase section */

/* Begin PBXSourcesBuildPhase section */
		625FD67619CDE3E700A1C7E1 /* Sources */ = {
			isa = PBXSourcesBuildPhase;
			buildActionMask = 2147483647;
			files = (
				625FD68419CDE3E700A1C7E1 /* SettingsViewController.swift in Sources */,
				625FD68019CDE3E700A1C7E1 /* AppDelegate.swift in Sources */,
				625FD68219CDE3E700A1C7E1 /* FirstViewController.swift in Sources */,
			);
			runOnlyForDeploymentPostprocessing = 0;
		};
		625FD68D19CDE3E800A1C7E1 /* Sources */ = {
			isa = PBXSourcesBuildPhase;
			buildActionMask = 2147483647;
			files = (
				625FD69819CDE3E800A1C7E1 /* YabumiTests.swift in Sources */,
			);
			runOnlyForDeploymentPostprocessing = 0;
		};
		625FD6B619CDF7F700A1C7E1 /* Sources */ = {
			isa = PBXSourcesBuildPhase;
			buildActionMask = 2147483647;
			files = (
				625FD6BF19CDF7F700A1C7E1 /* ShareViewController.swift in Sources */,
			);
			runOnlyForDeploymentPostprocessing = 0;
		};
/* End PBXSourcesBuildPhase section */

/* Begin PBXTargetDependency section */
		625FD69319CDE3E800A1C7E1 /* PBXTargetDependency */ = {
			isa = PBXTargetDependency;
			target = 625FD67919CDE3E700A1C7E1 /* Yabumi */;
			targetProxy = 625FD69219CDE3E800A1C7E1 /* PBXContainerItemProxy */;
		};
		625FD6C319CDF7F700A1C7E1 /* PBXTargetDependency */ = {
			isa = PBXTargetDependency;
			target = 625FD6B919CDF7F700A1C7E1 /* Share */;
			targetProxy = 625FD6C219CDF7F700A1C7E1 /* PBXContainerItemProxy */;
		};
		625FD6C619CDF7F700A1C7E1 /* PBXTargetDependency */ = {
			isa = PBXTargetDependency;
			target = 625FD6B919CDF7F700A1C7E1 /* Share */;
			targetProxy = 625FD6C519CDF7F700A1C7E1 /* PBXContainerItemProxy */;
		};
/* End PBXTargetDependency section */

/* Begin PBXVariantGroup section */
		625FD68519CDE3E700A1C7E1 /* Main.storyboard */ = {
			isa = PBXVariantGroup;
			children = (
				625FD68619CDE3E700A1C7E1 /* Base */,
			);
			name = Main.storyboard;
			sourceTree = "<group>";
		};
		625FD68A19CDE3E700A1C7E1 /* LaunchScreen.xib */ = {
			isa = PBXVariantGroup;
			children = (
				625FD68B19CDE3E700A1C7E1 /* Base */,
			);
			name = LaunchScreen.xib;
			sourceTree = "<group>";
		};
/* End PBXVariantGroup section */

/* Begin XCBuildConfiguration section */
		625FD69919CDE3E800A1C7E1 /* Debug */ = {
			isa = XCBuildConfiguration;
			buildSettings = {
				ALWAYS_SEARCH_USER_PATHS = NO;
				CLANG_CXX_LANGUAGE_STANDARD = "gnu++0x";
				CLANG_CXX_LIBRARY = "libc++";
				CLANG_ENABLE_MODULES = YES;
				CLANG_ENABLE_OBJC_ARC = YES;
				CLANG_WARN_BOOL_CONVERSION = YES;
				CLANG_WARN_CONSTANT_CONVERSION = YES;
				CLANG_WARN_DIRECT_OBJC_ISA_USAGE = YES_ERROR;
				CLANG_WARN_EMPTY_BODY = YES;
				CLANG_WARN_ENUM_CONVERSION = YES;
				CLANG_WARN_INT_CONVERSION = YES;
				CLANG_WARN_OBJC_ROOT_CLASS = YES_ERROR;
				CLANG_WARN_UNREACHABLE_CODE = YES;
				CLANG_WARN__DUPLICATE_METHOD_MATCH = YES;
				"CODE_SIGN_IDENTITY[sdk=iphoneos*]" = "iPhone Developer";
				COPY_PHASE_STRIP = NO;
				ENABLE_STRICT_OBJC_MSGSEND = YES;
				GCC_C_LANGUAGE_STANDARD = gnu99;
				GCC_DYNAMIC_NO_PIC = NO;
				GCC_OPTIMIZATION_LEVEL = 0;
				GCC_PREPROCESSOR_DEFINITIONS = (
					"DEBUG=1",
					"$(inherited)",
				);
				GCC_SYMBOLS_PRIVATE_EXTERN = NO;
				GCC_WARN_64_TO_32_BIT_CONVERSION = YES;
				GCC_WARN_ABOUT_RETURN_TYPE = YES_ERROR;
				GCC_WARN_UNDECLARED_SELECTOR = YES;
				GCC_WARN_UNINITIALIZED_AUTOS = YES_AGGRESSIVE;
				GCC_WARN_UNUSED_FUNCTION = YES;
				GCC_WARN_UNUSED_VARIABLE = YES;
				IPHONEOS_DEPLOYMENT_TARGET = 8.0;
				MTL_ENABLE_DEBUG_INFO = YES;
				ONLY_ACTIVE_ARCH = YES;
				SDKROOT = iphoneos;
				SWIFT_OPTIMIZATION_LEVEL = "-Onone";
				TARGETED_DEVICE_FAMILY = "1,2";
			};
			name = Debug;
		};
		625FD69A19CDE3E800A1C7E1 /* Release */ = {
			isa = XCBuildConfiguration;
			buildSettings = {
				ALWAYS_SEARCH_USER_PATHS = NO;
				CLANG_CXX_LANGUAGE_STANDARD = "gnu++0x";
				CLANG_CXX_LIBRARY = "libc++";
				CLANG_ENABLE_MODULES = YES;
				CLANG_ENABLE_OBJC_ARC = YES;
				CLANG_WARN_BOOL_CONVERSION = YES;
				CLANG_WARN_CONSTANT_CONVERSION = YES;
				CLANG_WARN_DIRECT_OBJC_ISA_USAGE = YES_ERROR;
				CLANG_WARN_EMPTY_BODY = YES;
				CLANG_WARN_ENUM_CONVERSION = YES;
				CLANG_WARN_INT_CONVERSION = YES;
				CLANG_WARN_OBJC_ROOT_CLASS = YES_ERROR;
				CLANG_WARN_UNREACHABLE_CODE = YES;
				CLANG_WARN__DUPLICATE_METHOD_MATCH = YES;
				"CODE_SIGN_IDENTITY[sdk=iphoneos*]" = "iPhone Developer";
				COPY_PHASE_STRIP = YES;
				ENABLE_NS_ASSERTIONS = NO;
				ENABLE_STRICT_OBJC_MSGSEND = YES;
				GCC_C_LANGUAGE_STANDARD = gnu99;
				GCC_WARN_64_TO_32_BIT_CONVERSION = YES;
				GCC_WARN_ABOUT_RETURN_TYPE = YES_ERROR;
				GCC_WARN_UNDECLARED_SELECTOR = YES;
				GCC_WARN_UNINITIALIZED_AUTOS = YES_AGGRESSIVE;
				GCC_WARN_UNUSED_FUNCTION = YES;
				GCC_WARN_UNUSED_VARIABLE = YES;
				IPHONEOS_DEPLOYMENT_TARGET = 8.0;
				MTL_ENABLE_DEBUG_INFO = NO;
				SDKROOT = iphoneos;
				TARGETED_DEVICE_FAMILY = "1,2";
				VALIDATE_PRODUCT = YES;
			};
			name = Release;
		};
		625FD69C19CDE3E800A1C7E1 /* Debug */ = {
			isa = XCBuildConfiguration;
			buildSettings = {
				ASSETCATALOG_COMPILER_APPICON_NAME = AppIcon;
				CODE_SIGN_IDENTITY = "iPhone Developer";
				INFOPLIST_FILE = Yabumi/Info.plist;
				LD_RUNPATH_SEARCH_PATHS = "$(inherited) @executable_path/Frameworks";
				PRODUCT_NAME = "$(TARGET_NAME)";
			};
			name = Debug;
		};
		625FD69D19CDE3E800A1C7E1 /* Release */ = {
			isa = XCBuildConfiguration;
			buildSettings = {
				ASSETCATALOG_COMPILER_APPICON_NAME = AppIcon;
				CODE_SIGN_IDENTITY = "iPhone Developer";
				INFOPLIST_FILE = Yabumi/Info.plist;
				LD_RUNPATH_SEARCH_PATHS = "$(inherited) @executable_path/Frameworks";
				PRODUCT_NAME = "$(TARGET_NAME)";
			};
			name = Release;
		};
		625FD69F19CDE3E800A1C7E1 /* Debug */ = {
			isa = XCBuildConfiguration;
			buildSettings = {
				BUNDLE_LOADER = "$(TEST_HOST)";
				FRAMEWORK_SEARCH_PATHS = (
					"$(SDKROOT)/Developer/Library/Frameworks",
					"$(inherited)",
				);
				GCC_PREPROCESSOR_DEFINITIONS = (
					"DEBUG=1",
					"$(inherited)",
				);
				INFOPLIST_FILE = YabumiTests/Info.plist;
				LD_RUNPATH_SEARCH_PATHS = "$(inherited) @executable_path/Frameworks @loader_path/Frameworks";
				PRODUCT_NAME = "$(TARGET_NAME)";
				TEST_HOST = "$(BUILT_PRODUCTS_DIR)/Yabumi.app/Yabumi";
			};
			name = Debug;
		};
		625FD6A019CDE3E800A1C7E1 /* Release */ = {
			isa = XCBuildConfiguration;
			buildSettings = {
				BUNDLE_LOADER = "$(TEST_HOST)";
				FRAMEWORK_SEARCH_PATHS = (
					"$(SDKROOT)/Developer/Library/Frameworks",
					"$(inherited)",
				);
				INFOPLIST_FILE = YabumiTests/Info.plist;
				LD_RUNPATH_SEARCH_PATHS = "$(inherited) @executable_path/Frameworks @loader_path/Frameworks";
				PRODUCT_NAME = "$(TARGET_NAME)";
				TEST_HOST = "$(BUILT_PRODUCTS_DIR)/Yabumi.app/Yabumi";
			};
			name = Release;
		};
		625FD6C819CDF7F700A1C7E1 /* Debug */ = {
			isa = XCBuildConfiguration;
			buildSettings = {
				CODE_SIGN_IDENTITY = "iPhone Developer";
				GCC_PREPROCESSOR_DEFINITIONS = (
					"DEBUG=1",
					"$(inherited)",
				);
				INFOPLIST_FILE = Share/Info.plist;
				LD_RUNPATH_SEARCH_PATHS = "$(inherited) @executable_path/Frameworks @executable_path/../../Frameworks";
				PRODUCT_NAME = "$(TARGET_NAME)";
				SKIP_INSTALL = YES;
			};
			name = Debug;
		};
		625FD6C919CDF7F700A1C7E1 /* Release */ = {
			isa = XCBuildConfiguration;
			buildSettings = {
				CODE_SIGN_IDENTITY = "iPhone Developer";
				INFOPLIST_FILE = Share/Info.plist;
				LD_RUNPATH_SEARCH_PATHS = "$(inherited) @executable_path/Frameworks @executable_path/../../Frameworks";
				PRODUCT_NAME = "$(TARGET_NAME)";
				SKIP_INSTALL = YES;
			};
			name = Release;
		};
/* End XCBuildConfiguration section */

/* Begin XCConfigurationList section */
		625FD67519CDE3E700A1C7E1 /* Build configuration list for PBXProject "Yabumi" */ = {
			isa = XCConfigurationList;
			buildConfigurations = (
				625FD69919CDE3E800A1C7E1 /* Debug */,
				625FD69A19CDE3E800A1C7E1 /* Release */,
			);
			defaultConfigurationIsVisible = 0;
			defaultConfigurationName = Release;
		};
		625FD69B19CDE3E800A1C7E1 /* Build configuration list for PBXNativeTarget "Yabumi" */ = {
			isa = XCConfigurationList;
			buildConfigurations = (
				625FD69C19CDE3E800A1C7E1 /* Debug */,
				625FD69D19CDE3E800A1C7E1 /* Release */,
			);
			defaultConfigurationIsVisible = 0;
			defaultConfigurationName = Release;
		};
		625FD69E19CDE3E800A1C7E1 /* Build configuration list for PBXNativeTarget "YabumiTests" */ = {
			isa = XCConfigurationList;
			buildConfigurations = (
				625FD69F19CDE3E800A1C7E1 /* Debug */,
				625FD6A019CDE3E800A1C7E1 /* Release */,
			);
			defaultConfigurationIsVisible = 0;
			defaultConfigurationName = Release;
		};
		625FD6C719CDF7F700A1C7E1 /* Build configuration list for PBXNativeTarget "Share" */ = {
			isa = XCConfigurationList;
			buildConfigurations = (
				625FD6C819CDF7F700A1C7E1 /* Debug */,
				625FD6C919CDF7F700A1C7E1 /* Release */,
			);
			defaultConfigurationIsVisible = 0;
			defaultConfigurationName = Release;
		};
/* End XCConfigurationList section */
	};
	rootObject = 625FD67219CDE3E700A1C7E1 /* Project object */;
}
